
Microsoft Visual Studio Solution File, Format Version 12.00
# Visual Studio 14
VisualStudioVersion = 14.0.24720.0
MinimumVisualStudioVersion = 10.0.40219.1
Project("{F2A71F9B-5D33-465A-A702-920D77279786}") = "Dawg", "Dawg\Dawg.fsproj", "{B1003345-3A21-46A9-BE0B-6C9788060207}"
EndProject
Project("{2150E333-8FDC-42A3-9474-1A3956D46DE8}") = "Examples", "Examples", "{8F76A9CE-C065-4C92-8C99-F5003E8D1F93}"
	ProjectSection(SolutionItems) = preProject
		Examples\example1.fsx = Examples\example1.fsx
		Examples\example2.fsx = Examples\example2.fsx
	EndProjectSection
EndProject
Project("{F2A71F9B-5D33-465A-A702-920D77279786}") = "Tests", "Tests\Tests.fsproj", "{71F4D081-01DB-463F-B7C9-7DC7AF9DC037}"
EndProject
Global
	GlobalSection(SolutionConfigurationPlatforms) = preSolution
		Debug|Any CPU = Debug|Any CPU
		Release|Any CPU = Release|Any CPU
	EndGlobalSection
	GlobalSection(ProjectConfigurationPlatforms) = postSolution
		{B1003345-3A21-46A9-BE0B-6C9788060207}.Debug|Any CPU.ActiveCfg = Debug|Any CPU
		{B1003345-3A21-46A9-BE0B-6C9788060207}.Debug|Any CPU.Build.0 = Debug|Any CPU
		{B1003345-3A21-46A9-BE0B-6C9788060207}.Release|Any CPU.ActiveCfg = Release|Any CPU
		{B1003345-3A21-46A9-BE0B-6C9788060207}.Release|Any CPU.Build.0 = Release|Any CPU
		{71F4D081-01DB-463F-B7C9-7DC7AF9DC037}.Debug|Any CPU.ActiveCfg = Debug|Any CPU
		{71F4D081-01DB-463F-B7C9-7DC7AF9DC037}.Debug|Any CPU.Build.0 = Debug|Any CPU
		{71F4D081-01DB-463F-B7C9-7DC7AF9DC037}.Release|Any CPU.ActiveCfg = Release|Any CPU
		{71F4D081-01DB-463F-B7C9-7DC7AF9DC037}.Release|Any CPU.Build.0 = Release|Any CPU
	EndGlobalSection
	GlobalSection(SolutionProperties) = preSolution
		HideSolutionNode = FALSE
	EndGlobalSection
EndGlobal
